
Microsoft Visual Studio Solution File, Format Version 12.00
# Visual Studio 14
VisualStudioVersion = 14.0.25420.1
MinimumVisualStudioVersion = 10.0.40219.1
Project("{FAE04EC0-301F-11D3-BF4B-00C04F79EFBC}") = "Weather", "Weather\Weather.csproj", "{05B8F122-3155-43EF-9B3B-32C736F16947}"
EndProject
Project("{FAE04EC0-301F-11D3-BF4B-00C04F79EFBC}") = "WindowsFormsApplication1", "WindowsFormsApplication1\WindowsFormsApplication1.csproj", "{4992F73E-CFFA-43BC-95F4-057CCBD7EC70}"
EndProject
Global
	GlobalSection(SolutionConfigurationPlatforms) = preSolution
		Debug|Any CPU = Debug|Any CPU
		Release|Any CPU = Release|Any CPU
	EndGlobalSection
	GlobalSection(ProjectConfigurationPlatforms) = postSolution
		{05B8F122-3155-43EF-9B3B-32C736F16947}.Debug|Any CPU.ActiveCfg = Debug|Any CPU
		{05B8F122-3155-43EF-9B3B-32C736F16947}.Debug|Any CPU.Build.0 = Debug|Any CPU
		{05B8F122-3155-43EF-9B3B-32C736F16947}.Release|Any CPU.ActiveCfg = Release|Any CPU
		{05B8F122-3155-43EF-9B3B-32C736F16947}.Release|Any CPU.Build.0 = Release|Any CPU
		{4992F73E-CFFA-43BC-95F4-057CCBD7EC70}.Debug|Any CPU.ActiveCfg = Debug|Any CPU
		{4992F73E-CFFA-43BC-95F4-057CCBD7EC70}.Debug|Any CPU.Build.0 = Debug|Any CPU
		{4992F73E-CFFA-43BC-95F4-057CCBD7EC70}.Release|Any CPU.ActiveCfg = Release|Any CPU
		{4992F73E-CFFA-43BC-95F4-057CCBD7EC70}.Release|Any CPU.Build.0 = Release|Any CPU
	EndGlobalSection
	GlobalSection(SolutionProperties) = preSolution
		HideSolutionNode = FALSE
	EndGlobalSection
EndGlobal
